
Microsoft Visual Studio Solution File, Format Version 12.00
# Visual Studio Version 16
VisualStudioVersion = 16.0.30523.141
MinimumVisualStudioVersion = 10.0.40219.1
Project("{9A19103F-16F7-4668-BE54-9A1E7A4F7556}") = "DBCHelper", "DBCHelper\DBCHelper.csproj", "{090DEEB1-921D-4EE7-801C-216A38E63D7A}"
EndProject
Project("{9A19103F-16F7-4668-BE54-9A1E7A4F7556}") = "DBCHelperWpf", "DBCHelperWpf\DBCHelperWpf.csproj", "{59A90F8D-CFDF-44C9-BEA4-3D5A32CAAAA8}"
EndProject
Project("{FAE04EC0-301F-11D3-BF4B-00C04F79EFBC}") = "CommunicationCAN", "CommunicationCAN\CommunicationCAN.csproj", "{32218FB4-9DA1-4A26-B74F-06FE43CAA013}"
EndProject
Global
	GlobalSection(SolutionConfigurationPlatforms) = preSolution
		Debug|Any CPU = Debug|Any CPU
		Release|Any CPU = Release|Any CPU
	EndGlobalSection
	GlobalSection(ProjectConfigurationPlatforms) = postSolution
		{090DEEB1-921D-4EE7-801C-216A38E63D7A}.Debug|Any CPU.ActiveCfg = Debug|Any CPU
		{090DEEB1-921D-4EE7-801C-216A38E63D7A}.Debug|Any CPU.Build.0 = Debug|Any CPU
		{090DEEB1-921D-4EE7-801C-216A38E63D7A}.Release|Any CPU.ActiveCfg = Release|Any CPU
		{090DEEB1-921D-4EE7-801C-216A38E63D7A}.Release|Any CPU.Build.0 = Release|Any CPU
		{59A90F8D-CFDF-44C9-BEA4-3D5A32CAAAA8}.Debug|Any CPU.ActiveCfg = Debug|Any CPU
		{59A90F8D-CFDF-44C9-BEA4-3D5A32CAAAA8}.Debug|Any CPU.Build.0 = Debug|Any CPU
		{59A90F8D-CFDF-44C9-BEA4-3D5A32CAAAA8}.Release|Any CPU.ActiveCfg = Release|Any CPU
		{59A90F8D-CFDF-44C9-BEA4-3D5A32CAAAA8}.Release|Any CPU.Build.0 = Release|Any CPU
		{32218FB4-9DA1-4A26-B74F-06FE43CAA013}.Debug|Any CPU.ActiveCfg = Debug|Any CPU
		{32218FB4-9DA1-4A26-B74F-06FE43CAA013}.Debug|Any CPU.Build.0 = Debug|Any CPU
		{32218FB4-9DA1-4A26-B74F-06FE43CAA013}.Release|Any CPU.ActiveCfg = Release|Any CPU
		{32218FB4-9DA1-4A26-B74F-06FE43CAA013}.Release|Any CPU.Build.0 = Release|Any CPU
	EndGlobalSection
	GlobalSection(SolutionProperties) = preSolution
		HideSolutionNode = FALSE
	EndGlobalSection
	GlobalSection(ExtensibilityGlobals) = postSolution
		SolutionGuid = {85523F89-2186-444C-B340-7726E4C76E99}
	EndGlobalSection
EndGlobal
